
Microsoft Visual Studio Solution File, Format Version 12.00
# Visual Studio Version 17
VisualStudioVersion = 17.8.34408.163
MinimumVisualStudioVersion = 10.0.40219.1
Project("{FAE04EC0-301F-11D3-BF4B-00C04F79EFBC}") = "ProducerApp", "ProducerApp\ProducerApp.csproj", "{ECAA4B88-4F26-4F20-89BA-4D05A10B6259}"
EndProject
Project("{FAE04EC0-301F-11D3-BF4B-00C04F79EFBC}") = "Consumer", "Consumer\Consumer.csproj", "{42C7EA33-CF4B-445B-9F4C-E48346334BB7}"
EndProject
Project("{2150E333-8FDC-42A3-9474-1A3956D46DE8}") = "Microservces", "Microservces", "{49288F57-B8B3-41F5-9168-8B49603B3F83}"
EndProject
Project("{2150E333-8FDC-42A3-9474-1A3956D46DE8}") = "Domain", "Domain", "{811C5B61-FFEF-4A33-8A0F-D4C62F601DDA}"
EndProject
Project("{2150E333-8FDC-42A3-9474-1A3956D46DE8}") = "Infra.Bus", "Infra.Bus", "{DF10C197-21A8-4E99-B8C0-167D70965F38}"
EndProject
Project("{2150E333-8FDC-42A3-9474-1A3956D46DE8}") = "Infra.Ioc", "Infra.Ioc", "{80B9CB97-3DB1-4000-8CD5-47D0DB9FF534}"
EndProject
Project("{2150E333-8FDC-42A3-9474-1A3956D46DE8}") = "Presentaion", "Presentaion", "{1FE443A3-BE8A-429C-B78C-4E0F11A3B93F}"
EndProject
Project("{FAE04EC0-301F-11D3-BF4B-00C04F79EFBC}") = "BE.Domain.Core", "BE.Domain.Core\BE.Domain.Core.csproj", "{E17F9137-4AF0-4923-86DC-233CCC17F0B4}"
EndProject
Global
	GlobalSection(SolutionConfigurationPlatforms) = preSolution
		Debug|Any CPU = Debug|Any CPU
		Release|Any CPU = Release|Any CPU
	EndGlobalSection
	GlobalSection(ProjectConfigurationPlatforms) = postSolution
		{ECAA4B88-4F26-4F20-89BA-4D05A10B6259}.Debug|Any CPU.ActiveCfg = Debug|Any CPU
		{ECAA4B88-4F26-4F20-89BA-4D05A10B6259}.Debug|Any CPU.Build.0 = Debug|Any CPU
		{ECAA4B88-4F26-4F20-89BA-4D05A10B6259}.Release|Any CPU.ActiveCfg = Release|Any CPU
		{ECAA4B88-4F26-4F20-89BA-4D05A10B6259}.Release|Any CPU.Build.0 = Release|Any CPU
		{42C7EA33-CF4B-445B-9F4C-E48346334BB7}.Debug|Any CPU.ActiveCfg = Debug|Any CPU
		{42C7EA33-CF4B-445B-9F4C-E48346334BB7}.Debug|Any CPU.Build.0 = Debug|Any CPU
		{42C7EA33-CF4B-445B-9F4C-E48346334BB7}.Release|Any CPU.ActiveCfg = Release|Any CPU
		{42C7EA33-CF4B-445B-9F4C-E48346334BB7}.Release|Any CPU.Build.0 = Release|Any CPU
		{E17F9137-4AF0-4923-86DC-233CCC17F0B4}.Debug|Any CPU.ActiveCfg = Debug|Any CPU
		{E17F9137-4AF0-4923-86DC-233CCC17F0B4}.Debug|Any CPU.Build.0 = Debug|Any CPU
		{E17F9137-4AF0-4923-86DC-233CCC17F0B4}.Release|Any CPU.ActiveCfg = Release|Any CPU
		{E17F9137-4AF0-4923-86DC-233CCC17F0B4}.Release|Any CPU.Build.0 = Release|Any CPU
	EndGlobalSection
	GlobalSection(SolutionProperties) = preSolution
		HideSolutionNode = FALSE
	EndGlobalSection
	GlobalSection(NestedProjects) = preSolution
		{E17F9137-4AF0-4923-86DC-233CCC17F0B4} = {811C5B61-FFEF-4A33-8A0F-D4C62F601DDA}
	EndGlobalSection
	GlobalSection(ExtensibilityGlobals) = postSolution
		SolutionGuid = {072BC19C-ED5F-4F91-875E-4F8A378FCD2D}
	EndGlobalSection
EndGlobal
