
Microsoft Visual Studio Solution File, Format Version 12.00
# Visual Studio Version 17
VisualStudioVersion = 17.8.34408.163
MinimumVisualStudioVersion = 10.0.40219.1
Project("{FAE04EC0-301F-11D3-BF4B-00C04F79EFBC}") = "ProducerApp", "ProducerApp\ProducerApp.csproj", "{ECAA4B88-4F26-4F20-89BA-4D05A10B6259}"
EndProject
Project("{FAE04EC0-301F-11D3-BF4B-00C04F79EFBC}") = "Consumer", "Consumer\Consumer.csproj", "{42C7EA33-CF4B-445B-9F4C-E48346334BB7}"
EndProject
Project("{2150E333-8FDC-42A3-9474-1A3956D46DE8}") = "Microservces", "Microservces", "{49288F57-B8B3-41F5-9168-8B49603B3F83}"
EndProject
Project("{2150E333-8FDC-42A3-9474-1A3956D46DE8}") = "Domain", "Domain", "{811C5B61-FFEF-4A33-8A0F-D4C62F601DDA}"
EndProject
Project("{2150E333-8FDC-42A3-9474-1A3956D46DE8}") = "Infra.Bus", "Infra.Bus", "{DF10C197-21A8-4E99-B8C0-167D70965F38}"
EndProject
Project("{2150E333-8FDC-42A3-9474-1A3956D46DE8}") = "Infra.Ioc", "Infra.Ioc", "{80B9CB97-3DB1-4000-8CD5-47D0DB9FF534}"
EndProject
Project("{2150E333-8FDC-42A3-9474-1A3956D46DE8}") = "Presentaion", "Presentaion", "{1FE443A3-BE8A-429C-B78C-4E0F11A3B93F}"
EndProject
Project("{FAE04EC0-301F-11D3-BF4B-00C04F79EFBC}") = "BE.Domain.Core", "BE.Domain.Core\BE.Domain.Core.csproj", "{E17F9137-4AF0-4923-86DC-233CCC17F0B4}"
EndProject
Project("{FAE04EC0-301F-11D3-BF4B-00C04F79EFBC}") = "BE.Infrastructure.Bus", "BE.Infrastructure.Bus\BE.Infrastructure.Bus.csproj", "{D0A90278-A13C-464C-9E6A-5BB74893308F}"
EndProject
Project("{FAE04EC0-301F-11D3-BF4B-00C04F79EFBC}") = "BE.Infra.IoC", "BE.Infra.IoC\BE.Infra.IoC.csproj", "{A33041A4-CF8D-4F3E-B800-7F9D96D69139}"
EndProject
Project("{2150E333-8FDC-42A3-9474-1A3956D46DE8}") = "Banking", "Banking", "{3FD5F216-6084-4C84-AA68-7F0DC19BC976}"
EndProject
Project("{2150E333-8FDC-42A3-9474-1A3956D46DE8}") = "Api", "Api", "{98056B0F-34EC-4F92-8CA5-18EE408B79E6}"
EndProject
Project("{2150E333-8FDC-42A3-9474-1A3956D46DE8}") = "Domain", "Domain", "{D16EB9CD-FDD7-4DB4-A260-A2254D6EAFE5}"
EndProject
Project("{2150E333-8FDC-42A3-9474-1A3956D46DE8}") = "Application", "Application", "{53D73BD4-4F51-49F7-8E0F-A67A33B15D60}"
EndProject
Project("{2150E333-8FDC-42A3-9474-1A3956D46DE8}") = "Data", "Data", "{7D7774B8-B714-4AA1-A6EC-3171DC3EE49E}"
EndProject
Project("{FAE04EC0-301F-11D3-BF4B-00C04F79EFBC}") = "BE.Banking.Api", "BE.Banking.Api\BE.Banking.Api.csproj", "{B1CEB154-3259-4E7E-AD9C-649019AD2ECD}"
EndProject
Project("{FAE04EC0-301F-11D3-BF4B-00C04F79EFBC}") = "BE.Banking.Application", "BE.Banking.Application\BE.Banking.Application.csproj", "{20127BC7-246B-4172-B118-674B8613F7A7}"
EndProject
Project("{FAE04EC0-301F-11D3-BF4B-00C04F79EFBC}") = "BE.Banking.Data", "BE.Banking.Data\BE.Banking.Data.csproj", "{6BB93682-4B81-416C-B8BF-2FF606A57A2F}"
EndProject
Project("{FAE04EC0-301F-11D3-BF4B-00C04F79EFBC}") = "BE.Banking.Domain", "BE.Banking.Domain\BE.Banking.Domain.csproj", "{D2379D01-F0B4-4F68-9130-A4F1B45E3996}"
EndProject
Project("{FAE04EC0-301F-11D3-BF4B-00C04F79EFBC}") = "WebApplication1", "WebApplication1\WebApplication1.csproj", "{FDA21B9A-C043-470E-B736-2FCAB6C2B9FE}"
EndProject
Global
	GlobalSection(SolutionConfigurationPlatforms) = preSolution
		Debug|Any CPU = Debug|Any CPU
		Release|Any CPU = Release|Any CPU
	EndGlobalSection
	GlobalSection(ProjectConfigurationPlatforms) = postSolution
		{ECAA4B88-4F26-4F20-89BA-4D05A10B6259}.Debug|Any CPU.ActiveCfg = Debug|Any CPU
		{ECAA4B88-4F26-4F20-89BA-4D05A10B6259}.Debug|Any CPU.Build.0 = Debug|Any CPU
		{ECAA4B88-4F26-4F20-89BA-4D05A10B6259}.Release|Any CPU.ActiveCfg = Release|Any CPU
		{ECAA4B88-4F26-4F20-89BA-4D05A10B6259}.Release|Any CPU.Build.0 = Release|Any CPU
		{42C7EA33-CF4B-445B-9F4C-E48346334BB7}.Debug|Any CPU.ActiveCfg = Debug|Any CPU
		{42C7EA33-CF4B-445B-9F4C-E48346334BB7}.Debug|Any CPU.Build.0 = Debug|Any CPU
		{42C7EA33-CF4B-445B-9F4C-E48346334BB7}.Release|Any CPU.ActiveCfg = Release|Any CPU
		{42C7EA33-CF4B-445B-9F4C-E48346334BB7}.Release|Any CPU.Build.0 = Release|Any CPU
		{E17F9137-4AF0-4923-86DC-233CCC17F0B4}.Debug|Any CPU.ActiveCfg = Debug|Any CPU
		{E17F9137-4AF0-4923-86DC-233CCC17F0B4}.Debug|Any CPU.Build.0 = Debug|Any CPU
		{E17F9137-4AF0-4923-86DC-233CCC17F0B4}.Release|Any CPU.ActiveCfg = Release|Any CPU
		{E17F9137-4AF0-4923-86DC-233CCC17F0B4}.Release|Any CPU.Build.0 = Release|Any CPU
		{D0A90278-A13C-464C-9E6A-5BB74893308F}.Debug|Any CPU.ActiveCfg = Debug|Any CPU
		{D0A90278-A13C-464C-9E6A-5BB74893308F}.Debug|Any CPU.Build.0 = Debug|Any CPU
		{D0A90278-A13C-464C-9E6A-5BB74893308F}.Release|Any CPU.ActiveCfg = Release|Any CPU
		{D0A90278-A13C-464C-9E6A-5BB74893308F}.Release|Any CPU.Build.0 = Release|Any CPU
		{A33041A4-CF8D-4F3E-B800-7F9D96D69139}.Debug|Any CPU.ActiveCfg = Debug|Any CPU
		{A33041A4-CF8D-4F3E-B800-7F9D96D69139}.Debug|Any CPU.Build.0 = Debug|Any CPU
		{A33041A4-CF8D-4F3E-B800-7F9D96D69139}.Release|Any CPU.ActiveCfg = Release|Any CPU
		{A33041A4-CF8D-4F3E-B800-7F9D96D69139}.Release|Any CPU.Build.0 = Release|Any CPU
		{B1CEB154-3259-4E7E-AD9C-649019AD2ECD}.Debug|Any CPU.ActiveCfg = Debug|Any CPU
		{B1CEB154-3259-4E7E-AD9C-649019AD2ECD}.Debug|Any CPU.Build.0 = Debug|Any CPU
		{B1CEB154-3259-4E7E-AD9C-649019AD2ECD}.Release|Any CPU.ActiveCfg = Release|Any CPU
		{B1CEB154-3259-4E7E-AD9C-649019AD2ECD}.Release|Any CPU.Build.0 = Release|Any CPU
		{20127BC7-246B-4172-B118-674B8613F7A7}.Debug|Any CPU.ActiveCfg = Debug|Any CPU
		{20127BC7-246B-4172-B118-674B8613F7A7}.Debug|Any CPU.Build.0 = Debug|Any CPU
		{20127BC7-246B-4172-B118-674B8613F7A7}.Release|Any CPU.ActiveCfg = Release|Any CPU
		{20127BC7-246B-4172-B118-674B8613F7A7}.Release|Any CPU.Build.0 = Release|Any CPU
		{6BB93682-4B81-416C-B8BF-2FF606A57A2F}.Debug|Any CPU.ActiveCfg = Debug|Any CPU
		{6BB93682-4B81-416C-B8BF-2FF606A57A2F}.Debug|Any CPU.Build.0 = Debug|Any CPU
		{6BB93682-4B81-416C-B8BF-2FF606A57A2F}.Release|Any CPU.ActiveCfg = Release|Any CPU
		{6BB93682-4B81-416C-B8BF-2FF606A57A2F}.Release|Any CPU.Build.0 = Release|Any CPU
		{D2379D01-F0B4-4F68-9130-A4F1B45E3996}.Debug|Any CPU.ActiveCfg = Debug|Any CPU
		{D2379D01-F0B4-4F68-9130-A4F1B45E3996}.Debug|Any CPU.Build.0 = Debug|Any CPU
		{D2379D01-F0B4-4F68-9130-A4F1B45E3996}.Release|Any CPU.ActiveCfg = Release|Any CPU
		{D2379D01-F0B4-4F68-9130-A4F1B45E3996}.Release|Any CPU.Build.0 = Release|Any CPU
		{FDA21B9A-C043-470E-B736-2FCAB6C2B9FE}.Debug|Any CPU.ActiveCfg = Debug|Any CPU
		{FDA21B9A-C043-470E-B736-2FCAB6C2B9FE}.Debug|Any CPU.Build.0 = Debug|Any CPU
		{FDA21B9A-C043-470E-B736-2FCAB6C2B9FE}.Release|Any CPU.ActiveCfg = Release|Any CPU
		{FDA21B9A-C043-470E-B736-2FCAB6C2B9FE}.Release|Any CPU.Build.0 = Release|Any CPU
	EndGlobalSection
	GlobalSection(SolutionProperties) = preSolution
		HideSolutionNode = FALSE
	EndGlobalSection
	GlobalSection(NestedProjects) = preSolution
		{E17F9137-4AF0-4923-86DC-233CCC17F0B4} = {811C5B61-FFEF-4A33-8A0F-D4C62F601DDA}
		{D0A90278-A13C-464C-9E6A-5BB74893308F} = {DF10C197-21A8-4E99-B8C0-167D70965F38}
		{A33041A4-CF8D-4F3E-B800-7F9D96D69139} = {80B9CB97-3DB1-4000-8CD5-47D0DB9FF534}
		{3FD5F216-6084-4C84-AA68-7F0DC19BC976} = {49288F57-B8B3-41F5-9168-8B49603B3F83}
		{98056B0F-34EC-4F92-8CA5-18EE408B79E6} = {3FD5F216-6084-4C84-AA68-7F0DC19BC976}
		{D16EB9CD-FDD7-4DB4-A260-A2254D6EAFE5} = {3FD5F216-6084-4C84-AA68-7F0DC19BC976}
		{53D73BD4-4F51-49F7-8E0F-A67A33B15D60} = {3FD5F216-6084-4C84-AA68-7F0DC19BC976}
		{7D7774B8-B714-4AA1-A6EC-3171DC3EE49E} = {3FD5F216-6084-4C84-AA68-7F0DC19BC976}
		{B1CEB154-3259-4E7E-AD9C-649019AD2ECD} = {98056B0F-34EC-4F92-8CA5-18EE408B79E6}
		{20127BC7-246B-4172-B118-674B8613F7A7} = {53D73BD4-4F51-49F7-8E0F-A67A33B15D60}
		{6BB93682-4B81-416C-B8BF-2FF606A57A2F} = {7D7774B8-B714-4AA1-A6EC-3171DC3EE49E}
		{D2379D01-F0B4-4F68-9130-A4F1B45E3996} = {D16EB9CD-FDD7-4DB4-A260-A2254D6EAFE5}
		{FDA21B9A-C043-470E-B736-2FCAB6C2B9FE} = {7D7774B8-B714-4AA1-A6EC-3171DC3EE49E}
	EndGlobalSection
	GlobalSection(ExtensibilityGlobals) = postSolution
		SolutionGuid = {072BC19C-ED5F-4F91-875E-4F8A378FCD2D}
	EndGlobalSection
EndGlobal
